
Microsoft Visual Studio Solution File, Format Version 12.00
# Visual Studio Version 17
VisualStudioVersion = 17.11.35303.130
MinimumVisualStudioVersion = 10.0.40219.1
Project("{FAE04EC0-301F-11D3-BF4B-00C04F79EFBC}") = "Service", "Service\Service.csproj", "{D093FCE1-27EF-4147-B2BA-6FB930723746}"
EndProject
Project("{FAE04EC0-301F-11D3-BF4B-00C04F79EFBC}") = "Host", "Host\Host.csproj", "{B6DD0463-3ADE-4AEF-B861-8218AF529EC2}"
EndProject
Global
	GlobalSection(SolutionConfigurationPlatforms) = preSolution
		Debug|Any CPU = Debug|Any CPU
		Release|Any CPU = Release|Any CPU
	EndGlobalSection
	GlobalSection(ProjectConfigurationPlatforms) = postSolution
		{D093FCE1-27EF-4147-B2BA-6FB930723746}.Debug|Any CPU.ActiveCfg = Debug|Any CPU
		{D093FCE1-27EF-4147-B2BA-6FB930723746}.Debug|Any CPU.Build.0 = Debug|Any CPU
		{D093FCE1-27EF-4147-B2BA-6FB930723746}.Release|Any CPU.ActiveCfg = Release|Any CPU
		{D093FCE1-27EF-4147-B2BA-6FB930723746}.Release|Any CPU.Build.0 = Release|Any CPU
		{B6DD0463-3ADE-4AEF-B861-8218AF529EC2}.Debug|Any CPU.ActiveCfg = Debug|Any CPU
		{B6DD0463-3ADE-4AEF-B861-8218AF529EC2}.Debug|Any CPU.Build.0 = Debug|Any CPU
		{B6DD0463-3ADE-4AEF-B861-8218AF529EC2}.Release|Any CPU.ActiveCfg = Release|Any CPU
		{B6DD0463-3ADE-4AEF-B861-8218AF529EC2}.Release|Any CPU.Build.0 = Release|Any CPU
	EndGlobalSection
	GlobalSection(SolutionProperties) = preSolution
		HideSolutionNode = FALSE
	EndGlobalSection
	GlobalSection(ExtensibilityGlobals) = postSolution
		SolutionGuid = {444D76C5-593E-419E-95D9-7AA19BAF49F8}
	EndGlobalSection
EndGlobal
